
Microsoft Visual Studio Solution File, Format Version 12.00
# Visual Studio Version 17
VisualStudioVersion = 17.0.31903.59
MinimumVisualStudioVersion = 10.0.40219.1
Project("{FAE04EC0-301F-11D3-BF4B-00C04F79EFBC}") = "ba-timekeeper", "ba-timekeeper\ba-timekeeper.csproj", "{01E49D45-3A82-4D17-B140-A04C28DA3C8F}"
EndProject
Global
	GlobalSection(SolutionConfigurationPlatforms) = preSolution
		Debug|Any CPU = Debug|Any CPU
		Release|Any CPU = Release|Any CPU
	EndGlobalSection
	GlobalSection(ProjectConfigurationPlatforms) = postSolution
		{01E49D45-3A82-4D17-B140-A04C28DA3C8F}.Debug|Any CPU.ActiveCfg = Debug|Any CPU
		{01E49D45-3A82-4D17-B140-A04C28DA3C8F}.Debug|Any CPU.Build.0 = Debug|Any CPU
		{01E49D45-3A82-4D17-B140-A04C28DA3C8F}.Release|Any CPU.ActiveCfg = Release|Any CPU
		{01E49D45-3A82-4D17-B140-A04C28DA3C8F}.Release|Any CPU.Build.0 = Release|Any CPU
	EndGlobalSection
	GlobalSection(SolutionProperties) = preSolution
		HideSolutionNode = FALSE
	EndGlobalSection
	GlobalSection(ExtensibilityGlobals) = postSolution
		SolutionGuid = {6CC9E2EA-FFED-462B-8B35-D115BFD00818}
	EndGlobalSection
EndGlobal
